
Microsoft Visual Studio Solution File, Format Version 12.00
# Visual Studio Version 17
VisualStudioVersion = 17.10.34928.147
MinimumVisualStudioVersion = 10.0.40219.1
Project("{FAE04EC0-301F-11D3-BF4B-00C04F79EFBC}") = "PhanMemThanhToanHoaDonDienThoai", "PhanMemThanhToanHoaDonDienThoai.csproj", "{C028029C-73E9-4627-A9A8-881D1BE24822}"
EndProject
Global
	GlobalSection(SolutionConfigurationPlatforms) = preSolution
		Debug|Any CPU = Debug|Any CPU
		Release|Any CPU = Release|Any CPU
	EndGlobalSection
	GlobalSection(ProjectConfigurationPlatforms) = postSolution
		{C028029C-73E9-4627-A9A8-881D1BE24822}.Debug|Any CPU.ActiveCfg = Debug|Any CPU
		{C028029C-73E9-4627-A9A8-881D1BE24822}.Debug|Any CPU.Build.0 = Debug|Any CPU
		{C028029C-73E9-4627-A9A8-881D1BE24822}.Release|Any CPU.ActiveCfg = Release|Any CPU
		{C028029C-73E9-4627-A9A8-881D1BE24822}.Release|Any CPU.Build.0 = Release|Any CPU
	EndGlobalSection
	GlobalSection(SolutionProperties) = preSolution
		HideSolutionNode = FALSE
	EndGlobalSection
	GlobalSection(ExtensibilityGlobals) = postSolution
		SolutionGuid = {36DCE1D5-FF99-4AFF-91DA-6EC9902D0AEB}
	EndGlobalSection
EndGlobal
